
Microsoft Visual Studio Solution File, Format Version 12.00
# Visual Studio 15
VisualStudioVersion = 15.0.27130.2020
MinimumVisualStudioVersion = 10.0.40219.1
Project("{FAE04EC0-301F-11D3-BF4B-00C04F79EFBC}") = "ClipKeeper.Server.Domain", "ClipKeeper.Server.Domain\ClipKeeper.Server.Domain.csproj", "{716D959F-071E-4FF4-8BD5-5580FDAFE23B}"
EndProject
Project("{FAE04EC0-301F-11D3-BF4B-00C04F79EFBC}") = "ClipKeeper.Server.Data", "ClipKeeper.Server.Data\ClipKeeper.Server.Data.csproj", "{7C1D0B7E-E36D-4E49-9036-79A5F30ED9A1}"
EndProject
Project("{FAE04EC0-301F-11D3-BF4B-00C04F79EFBC}") = "ClipKeeper.Server.WebService", "ClipKeeper.Server.WebService\ClipKeeper.Server.WebService.csproj", "{56528287-3597-45C5-BB72-2AF2275EA2DC}"
EndProject
Global
	GlobalSection(SolutionConfigurationPlatforms) = preSolution
		Debug|Any CPU = Debug|Any CPU
		Release|Any CPU = Release|Any CPU
	EndGlobalSection
	GlobalSection(ProjectConfigurationPlatforms) = postSolution
		{716D959F-071E-4FF4-8BD5-5580FDAFE23B}.Debug|Any CPU.ActiveCfg = Debug|Any CPU
		{716D959F-071E-4FF4-8BD5-5580FDAFE23B}.Debug|Any CPU.Build.0 = Debug|Any CPU
		{716D959F-071E-4FF4-8BD5-5580FDAFE23B}.Release|Any CPU.ActiveCfg = Release|Any CPU
		{716D959F-071E-4FF4-8BD5-5580FDAFE23B}.Release|Any CPU.Build.0 = Release|Any CPU
		{7C1D0B7E-E36D-4E49-9036-79A5F30ED9A1}.Debug|Any CPU.ActiveCfg = Debug|Any CPU
		{7C1D0B7E-E36D-4E49-9036-79A5F30ED9A1}.Debug|Any CPU.Build.0 = Debug|Any CPU
		{7C1D0B7E-E36D-4E49-9036-79A5F30ED9A1}.Release|Any CPU.ActiveCfg = Release|Any CPU
		{7C1D0B7E-E36D-4E49-9036-79A5F30ED9A1}.Release|Any CPU.Build.0 = Release|Any CPU
		{56528287-3597-45C5-BB72-2AF2275EA2DC}.Debug|Any CPU.ActiveCfg = Debug|Any CPU
		{56528287-3597-45C5-BB72-2AF2275EA2DC}.Debug|Any CPU.Build.0 = Debug|Any CPU
		{56528287-3597-45C5-BB72-2AF2275EA2DC}.Release|Any CPU.ActiveCfg = Release|Any CPU
		{56528287-3597-45C5-BB72-2AF2275EA2DC}.Release|Any CPU.Build.0 = Release|Any CPU
	EndGlobalSection
	GlobalSection(SolutionProperties) = preSolution
		HideSolutionNode = FALSE
	EndGlobalSection
	GlobalSection(ExtensibilityGlobals) = postSolution
		SolutionGuid = {1DDF45C5-AFC6-48A0-9FDD-6B938A38B952}
	EndGlobalSection
EndGlobal
